{
    "_meta": {
        "hash": {
            "sha256": "dea864a01616c6e00fd8eba3e7f782bb542da4505c6a9fc753eab75e2e173775"
        },
        "pipfile-spec": 6,
        "requires": {
            "python_version": "3.6"
        },
        "sources": [
            {
                "name": "pypi",
                "url": "https://pypi.org/simple",
                "verify_ssl": true
            }
        ]
    },
    "default": {
        "click": {
            "hashes": [
                "sha256:2335065e6395b9e67ca716de5f7526736bfa6ceead690adf616d925bdc622b13",
                "sha256:5b94b49521f6456670fdb30cd82a4eca9412788a93fa6dd6df72c94d5a8ff2d7"
            ],
            "index": "pypi",
            "version": "==7.0"
        },
        "pydicom": {
            "hashes": [
                "sha256:a3715cebe7ae665d8b6d01d445e2e9798e29728406b4ffd5e41415acdbf19b2f",
                "sha256:db0ba9a23adb9fccda91b918d49ebed87d009f7f0f57f747f4503cc2fe448ff6"
            ],
            "index": "pypi",
            "version": "==1.4.0"
        }
    },
    "develop": {}
}
